// !$*UTF8*$!
{
	archiveVersion = 1;
	classes = {
	};
	objectVersion = 55;
	objects = {

/* Begin PBXBuildFile section */
		96F9512F27A0F2280068A1B9 /* AppDelegate.swift in Sources */ = {isa = PBXBuildFile; fileRef = 96F9512E27A0F2280068A1B9 /* AppDelegate.swift */; };
		96F9513127A0F2280068A1B9 /* SceneDelegate.swift in Sources */ = {isa = PBXBuildFile; fileRef = 96F9513027A0F2280068A1B9 /* SceneDelegate.swift */; };
		96F9513327A0F2280068A1B9 /* ViewController.swift in Sources */ = {isa = PBXBuildFile; fileRef = 96F9513227A0F2280068A1B9 /* ViewController.swift */; };
		96F9513627A0F2280068A1B9 /* Main.storyboard in Resources */ = {isa = PBXBuildFile; fileRef = 96F9513427A0F2280068A1B9 /* Main.storyboard */; };
		96F9513827A0F22B0068A1B9 /* Assets.xcassets in Resources */ = {isa = PBXBuildFile; fileRef = 96F9513727A0F22B0068A1B9 /* Assets.xcassets */; };
		96F9513B27A0F22B0068A1B9 /* LaunchScreen.storyboard in Resources */ = {isa = PBXBuildFile; fileRef = 96F9513927A0F22B0068A1B9 /* LaunchScreen.storyboard */; };
		96F9514627A0F22B0068A1B9 /* youAreAwesomeTests.swift in Sources */ = {isa = PBXBuildFile; fileRef = 96F9514527A0F22B0068A1B9 /* youAreAwesomeTests.swift */; };
		96F9515027A0F22B0068A1B9 /* youAreAwesomeUITests.swift in Sources */ = {isa = PBXBuildFile; fileRef = 96F9514F27A0F22B0068A1B9 /* youAreAwesomeUITests.swift */; };
		96F9515227A0F22B0068A1B9 /* youAreAwesomeUITestsLaunchTests.swift in Sources */ = {isa = PBXBuildFile; fileRef = 96F9515127A0F22B0068A1B9 /* youAreAwesomeUITestsLaunchTests.swift */; };
/* End PBXBuildFile section */

/* Begin PBXContainerItemProxy section */
		96F9514227A0F22B0068A1B9 /* PBXContainerItemProxy */ = {
			isa = PBXContainerItemProxy;
			containerPortal = 96F9512327A0F2280068A1B9 /* Project object */;
			proxyType = 1;
			remoteGlobalIDString = 96F9512A27A0F2280068A1B9;
			remoteInfo = youAreAwesome;
		};
		96F9514C27A0F22B0068A1B9 /* PBXContainerItemProxy */ = {
			isa = PBXContainerItemProxy;
			containerPortal = 96F9512327A0F2280068A1B9 /* Project object */;
			proxyType = 1;
			remoteGlobalIDString = 96F9512A27A0F2280068A1B9;
			remoteInfo = youAreAwesome;
		};
/* End PBXContainerItemProxy section */

/* Begin PBXFileReference section */
		96F9512B27A0F2280068A1B9 /* youAreAwesome.app */ = {isa = PBXFileReference; explicitFileType = wrapper.application; includeInIndex = 0; path = youAreAwesome.app; sourceTree = BUILT_PRODUCTS_DIR; };
		96F9512E27A0F2280068A1B9 /* AppDelegate.swift */ = {isa = PBXFileReference; lastKnownFileType = sourcecode.swift; path = AppDelegate.swift; sourceTree = "<group>"; };
		96F9513027A0F2280068A1B9 /* SceneDelegate.swift */ = {isa = PBXFileReference; lastKnownFileType = sourcecode.swift; path = SceneDelegate.swift; sourceTree = "<group>"; };
		96F9513227A0F2280068A1B9 /* ViewController.swift */ = {isa = PBXFileReference; lastKnownFileType = sourcecode.swift; path = ViewController.swift; sourceTree = "<group>"; };
		96F9513527A0F2280068A1B9 /* Base */ = {isa = PBXFileReference; lastKnownFileType = file.storyboard; name = Base; path = Base.lproj/Main.storyboard; sourceTree = "<group>"; };
		96F9513727A0F22B0068A1B9 /* Assets.xcassets */ = {isa = PBXFileReference; lastKnownFileType = folder.assetcatalog; path = Assets.xcassets; sourceTree = "<group>"; };
		96F9513A27A0F22B0068A1B9 /* Base */ = {isa = PBXFileReference; lastKnownFileType = file.storyboard; name = Base; path = Base.lproj/LaunchScreen.storyboard; sourceTree = "<group>"; };
		96F9513C27A0F22B0068A1B9 /* Info.plist */ = {isa = PBXFileReference; lastKnownFileType = text.plist.xml; path = Info.plist; sourceTree = "<group>"; };
		96F9514127A0F22B0068A1B9 /* youAreAwesomeTests.xctest */ = {isa = PBXFileReference; explicitFileType = wrapper.cfbundle; includeInIndex = 0; path = youAreAwesomeTests.xctest; sourceTree = BUILT_PRODUCTS_DIR; };
		96F9514527A0F22B0068A1B9 /* youAreAwesomeTests.swift */ = {isa = PBXFileReference; lastKnownFileType = sourcecode.swift; path = youAreAwesomeTests.swift; sourceTree = "<group>"; };
		96F9514B27A0F22B0068A1B9 /* youAreAwesomeUITests.xctest */ = {isa = PBXFileReference; explicitFileType = wrapper.cfbundle; includeInIndex = 0; path = youAreAwesomeUITests.xctest; sourceTree = BUILT_PRODUCTS_DIR; };
		96F9514F27A0F22B0068A1B9 /* youAreAwesomeUITests.swift */ = {isa = PBXFileReference; lastKnownFileType = sourcecode.swift; path = youAreAwesomeUITests.swift; sourceTree = "<group>"; };
		96F9515127A0F22B0068A1B9 /* youAreAwesomeUITestsLaunchTests.swift */ = {isa = PBXFileReference; lastKnownFileType = sourcecode.swift; path = youAreAwesomeUITestsLaunchTests.swift; sourceTree = "<group>"; };
/* End PBXFileReference section */

/* Begin PBXFrameworksBuildPhase section */
		96F9512827A0F2280068A1B9 /* Frameworks */ = {
			isa = PBXFrameworksBuildPhase;
			buildActionMask = 2147483647;
			files = (
			);
			runOnlyForDeploymentPostprocessing = 0;
		};
		96F9513E27A0F22B0068A1B9 /* Frameworks */ = {
			isa = PBXFrameworksBuildPhase;
			buildActionMask = 2147483647;
			files = (
			);
			runOnlyForDeploymentPostprocessing = 0;
		};
		96F9514827A0F22B0068A1B9 /* Frameworks */ = {
			isa = PBXFrameworksBuildPhase;
			buildActionMask = 2147483647;
			files = (
			);
			runOnlyForDeploymentPostprocessing = 0;
		};
/* End PBXFrameworksBuildPhase section */

/* Begin PBXGroup section */
		96F9512227A0F2280068A1B9 = {
			isa = PBXGroup;
			children = (
				96F9512D27A0F2280068A1B9 /* youAreAwesome */,
				96F9514427A0F22B0068A1B9 /* youAreAwesomeTests */,
				96F9514E27A0F22B0068A1B9 /* youAreAwesomeUITests */,
				96F9512C27A0F2280068A1B9 /* Products */,
			);
			sourceTree = "<group>";
		};
		96F9512C27A0F2280068A1B9 /* Products */ = {
			isa = PBXGroup;
			children = (
				96F9512B27A0F2280068A1B9 /* youAreAwesome.app */,
				96F9514127A0F22B0068A1B9 /* youAreAwesomeTests.xctest */,
				96F9514B27A0F22B0068A1B9 /* youAreAwesomeUITests.xctest */,
			);
			name = Products;
			sourceTree = "<group>";
		};
		96F9512D27A0F2280068A1B9 /* youAreAwesome */ = {
			isa = PBXGroup;
			children = (
				96F9512E27A0F2280068A1B9 /* AppDelegate.swift */,
				96F9513027A0F2280068A1B9 /* SceneDelegate.swift */,
				96F9513227A0F2280068A1B9 /* ViewController.swift */,
				96F9513427A0F2280068A1B9 /* Main.storyboard */,
				96F9513727A0F22B0068A1B9 /* Assets.xcassets */,
				96F9513927A0F22B0068A1B9 /* LaunchScreen.storyboard */,
				96F9513C27A0F22B0068A1B9 /* Info.plist */,
			);
			path = youAreAwesome;
			sourceTree = "<group>";
		};
		96F9514427A0F22B0068A1B9 /* youAreAwesomeTests */ = {
			isa = PBXGroup;
			children = (
				96F9514527A0F22B0068A1B9 /* youAreAwesomeTests.swift */,
			);
			path = youAreAwesomeTests;
			sourceTree = "<group>";
		};
		96F9514E27A0F22B0068A1B9 /* youAreAwesomeUITests */ = {
			isa = PBXGroup;
			children = (
				96F9514F27A0F22B0068A1B9 /* youAreAwesomeUITests.swift */,
				96F9515127A0F22B0068A1B9 /* youAreAwesomeUITestsLaunchTests.swift */,
			);
			path = youAreAwesomeUITests;
			sourceTree = "<group>";
		};
/* End PBXGroup section */

/* Begin PBXNativeTarget section */
		96F9512A27A0F2280068A1B9 /* youAreAwesome */ = {
			isa = PBXNativeTarget;
			buildConfigurationList = 96F9515527A0F22B0068A1B9 /* Build configuration list for PBXNativeTarget "youAreAwesome" */;
			buildPhases = (
				96F9512727A0F2280068A1B9 /* Sources */,
				96F9512827A0F2280068A1B9 /* Frameworks */,
				96F9512927A0F2280068A1B9 /* Resources */,
			);
			buildRules = (
			);
			dependencies = (
			);
			name = youAreAwesome;
			productName = youAreAwesome;
			productReference = 96F9512B27A0F2280068A1B9 /* youAreAwesome.app */;
			productType = "com.apple.product-type.application";
		};
		96F9514027A0F22B0068A1B9 /* youAreAwesomeTests */ = {
			isa = PBXNativeTarget;
			buildConfigurationList = 96F9515827A0F22B0068A1B9 /* Build configuration list for PBXNativeTarget "youAreAwesomeTests" */;
			buildPhases = (
				96F9513D27A0F22B0068A1B9 /* Sources */,
				96F9513E27A0F22B0068A1B9 /* Frameworks */,
				96F9513F27A0F22B0068A1B9 /* Resources */,
			);
			buildRules = (
			);
			dependencies = (
				96F9514327A0F22B0068A1B9 /* PBXTargetDependency */,
			);
			name = youAreAwesomeTests;
			productName = youAreAwesomeTests;
			productReference = 96F9514127A0F22B0068A1B9 /* youAreAwesomeTests.xctest */;
			productType = "com.apple.product-type.bundle.unit-test";
		};
		96F9514A27A0F22B0068A1B9 /* youAreAwesomeUITests */ = {
			isa = PBXNativeTarget;
			buildConfigurationList = 96F9515B27A0F22B0068A1B9 /* Build configuration list for PBXNativeTarget "youAreAwesomeUITests" */;
			buildPhases = (
				96F9514727A0F22B0068A1B9 /* Sources */,
				96F9514827A0F22B0068A1B9 /* Frameworks */,
				96F9514927A0F22B0068A1B9 /* Resources */,
			);
			buildRules = (
			);
			dependencies = (
				96F9514D27A0F22B0068A1B9 /* PBXTargetDependency */,
			);
			name = youAreAwesomeUITests;
			productName = youAreAwesomeUITests;
			productReference = 96F9514B27A0F22B0068A1B9 /* youAreAwesomeUITests.xctest */;
			productType = "com.apple.product-type.bundle.ui-testing";
		};
/* End PBXNativeTarget section */

/* Begin PBXProject section */
		96F9512327A0F2280068A1B9 /* Project object */ = {
			isa = PBXProject;
			attributes = {
				BuildIndependentTargetsInParallel = 1;
				LastSwiftUpdateCheck = 1320;
				LastUpgradeCheck = 1320;
				TargetAttributes = {
					96F9512A27A0F2280068A1B9 = {
						CreatedOnToolsVersion = 13.2.1;
					};
					96F9514027A0F22B0068A1B9 = {
						CreatedOnToolsVersion = 13.2.1;
						TestTargetID = 96F9512A27A0F2280068A1B9;
					};
					96F9514A27A0F22B0068A1B9 = {
						CreatedOnToolsVersion = 13.2.1;
						TestTargetID = 96F9512A27A0F2280068A1B9;
					};
				};
			};
			buildConfigurationList = 96F9512627A0F2280068A1B9 /* Build configuration list for PBXProject "youAreAwesome" */;
			compatibilityVersion = "Xcode 13.0";
			developmentRegion = en;
			hasScannedForEncodings = 0;
			knownRegions = (
				en,
				Base,
			);
			mainGroup = 96F9512227A0F2280068A1B9;
			productRefGroup = 96F9512C27A0F2280068A1B9 /* Products */;
			projectDirPath = "";
			projectRoot = "";
			targets = (
				96F9512A27A0F2280068A1B9 /* youAreAwesome */,
				96F9514027A0F22B0068A1B9 /* youAreAwesomeTests */,
				96F9514A27A0F22B0068A1B9 /* youAreAwesomeUITests */,
			);
		};
/* End PBXProject section */

/* Begin PBXResourcesBuildPhase section */
		96F9512927A0F2280068A1B9 /* Resources */ = {
			isa = PBXResourcesBuildPhase;
			buildActionMask = 2147483647;
			files = (
				96F9513B27A0F22B0068A1B9 /* LaunchScreen.storyboard in Resources */,
				96F9513827A0F22B0068A1B9 /* Assets.xcassets in Resources */,
				96F9513627A0F2280068A1B9 /* Main.storyboard in Resources */,
			);
			runOnlyForDeploymentPostprocessing = 0;
		};
		96F9513F27A0F22B0068A1B9 /* Resources */ = {
			isa = PBXResourcesBuildPhase;
			buildActionMask = 2147483647;
			files = (
			);
			runOnlyForDeploymentPostprocessing = 0;
		};
		96F9514927A0F22B0068A1B9 /* Resources */ = {
			isa = PBXResourcesBuildPhase;
			buildActionMask = 2147483647;
			files = (
			);
			runOnlyForDeploymentPostprocessing = 0;
		};
/* End PBXResourcesBuildPhase section */

/* Begin PBXSourcesBuildPhase section */
		96F9512727A0F2280068A1B9 /* Sources */ = {
			isa = PBXSourcesBuildPhase;
			buildActionMask = 2147483647;
			files = (
				96F9513327A0F2280068A1B9 /* ViewController.swift in Sources */,
				96F9512F27A0F2280068A1B9 /* AppDelegate.swift in Sources */,
				96F9513127A0F2280068A1B9 /* SceneDelegate.swift in Sources */,
			);
			runOnlyForDeploymentPostprocessing = 0;
		};
		96F9513D27A0F22B0068A1B9 /* Sources */ = {
			isa = PBXSourcesBuildPhase;
			buildActionMask = 2147483647;
			files = (
				96F9514627A0F22B0068A1B9 /* youAreAwesomeTests.swift in Sources */,
			);
			runOnlyForDeploymentPostprocessing = 0;
		};
		96F9514727A0F22B0068A1B9 /* Sources */ = {
			isa = PBXSourcesBuildPhase;
			buildActionMask = 2147483647;
			files = (
				96F9515027A0F22B0068A1B9 /* youAreAwesomeUITests.swift in Sources */,
				96F9515227A0F22B0068A1B9 /* youAreAwesomeUITestsLaunchTests.swift in Sources */,
			);
			runOnlyForDeploymentPostprocessing = 0;
		};
/* End PBXSourcesBuildPhase section */

/* Begin PBXTargetDependency section */
		96F9514327A0F22B0068A1B9 /* PBXTargetDependency */ = {
			isa = PBXTargetDependency;
			target = 96F9512A27A0F2280068A1B9 /* youAreAwesome */;
			targetProxy = 96F9514227A0F22B0068A1B9 /* PBXContainerItemProxy */;
		};
		96F9514D27A0F22B0068A1B9 /* PBXTargetDependency */ = {
			isa = PBXTargetDependency;
			target = 96F9512A27A0F2280068A1B9 /* youAreAwesome */;
			targetProxy = 96F9514C27A0F22B0068A1B9 /* PBXContainerItemProxy */;
		};
/* End PBXTargetDependency section */

/* Begin PBXVariantGroup section */
		96F9513427A0F2280068A1B9 /* Main.storyboard */ = {
			isa = PBXVariantGroup;
			children = (
				96F9513527A0F2280068A1B9 /* Base */,
			);
			name = Main.storyboard;
			sourceTree = "<group>";
		};
		96F9513927A0F22B0068A1B9 /* LaunchScreen.storyboard */ = {
			isa = PBXVariantGroup;
			children = (
				96F9513A27A0F22B0068A1B9 /* Base */,
			);
			name = LaunchScreen.storyboard;
			sourceTree = "<group>";
		};
/* End PBXVariantGroup section */

/* Begin XCBuildConfiguration section */
		96F9515327A0F22B0068A1B9 /* Debug */ = {
			isa = XCBuildConfiguration;
			buildSettings = {
				ALWAYS_SEARCH_USER_PATHS = NO;
				CLANG_ANALYZER_NONNULL = YES;
				CLANG_ANALYZER_NUMBER_OBJECT_CONVERSION = YES_AGGRESSIVE;
				CLANG_CXX_LANGUAGE_STANDARD = "gnu++17";
				CLANG_CXX_LIBRARY = "libc++";
				CLANG_ENABLE_MODULES = YES;
				CLANG_ENABLE_OBJC_ARC = YES;
				CLANG_ENABLE_OBJC_WEAK = YES;
				CLANG_WARN_BLOCK_CAPTURE_AUTORELEASING = YES;
				CLANG_WARN_BOOL_CONVERSION = YES;
				CLANG_WARN_COMMA = YES;
				CLANG_WARN_CONSTANT_CONVERSION = YES;
				CLANG_WARN_DEPRECATED_OBJC_IMPLEMENTATIONS = YES;
				CLANG_WARN_DIRECT_OBJC_ISA_USAGE = YES_ERROR;
				CLANG_WARN_DOCUMENTATION_COMMENTS = YES;
				CLANG_WARN_EMPTY_BODY = YES;
				CLANG_WARN_ENUM_CONVERSION = YES;
				CLANG_WARN_INFINITE_RECURSION = YES;
				CLANG_WARN_INT_CONVERSION = YES;
				CLANG_WARN_NON_LITERAL_NULL_CONVERSION = YES;
				CLANG_WARN_OBJC_IMPLICIT_RETAIN_SELF = YES;
				CLANG_WARN_OBJC_LITERAL_CONVERSION = YES;
				CLANG_WARN_OBJC_ROOT_CLASS = YES_ERROR;
				CLANG_WARN_QUOTED_INCLUDE_IN_FRAMEWORK_HEADER = YES;
				CLANG_WARN_RANGE_LOOP_ANALYSIS = YES;
				CLANG_WARN_STRICT_PROTOTYPES = YES;
				CLANG_WARN_SUSPICIOUS_MOVE = YES;
				CLANG_WARN_UNGUARDED_AVAILABILITY = YES_AGGRESSIVE;
				CLANG_WARN_UNREACHABLE_CODE = YES;
				CLANG_WARN__DUPLICATE_METHOD_MATCH = YES;
				COPY_PHASE_STRIP = NO;
				DEBUG_INFORMATION_FORMAT = dwarf;
				ENABLE_STRICT_OBJC_MSGSEND = YES;
				ENABLE_TESTABILITY = YES;
				GCC_C_LANGUAGE_STANDARD = gnu11;
				GCC_DYNAMIC_NO_PIC = NO;
				GCC_NO_COMMON_BLOCKS = YES;
				GCC_OPTIMIZATION_LEVEL = 0;
				GCC_PREPROCESSOR_DEFINITIONS = (
					"DEBUG=1",
					"$(inherited)",
				);
				GCC_WARN_64_TO_32_BIT_CONVERSION = YES;
				GCC_WARN_ABOUT_RETURN_TYPE = YES_ERROR;
				GCC_WARN_UNDECLARED_SELECTOR = YES;
				GCC_WARN_UNINITIALIZED_AUTOS = YES_AGGRESSIVE;
				GCC_WARN_UNUSED_FUNCTION = YES;
				GCC_WARN_UNUSED_VARIABLE = YES;
				IPHONEOS_DEPLOYMENT_TARGET = 15.2;
				MTL_ENABLE_DEBUG_INFO = INCLUDE_SOURCE;
				MTL_FAST_MATH = YES;
				ONLY_ACTIVE_ARCH = YES;
				SDKROOT = iphoneos;
				SWIFT_ACTIVE_COMPILATION_CONDITIONS = DEBUG;
				SWIFT_OPTIMIZATION_LEVEL = "-Onone";
			};
			name = Debug;
		};
		96F9515427A0F22B0068A1B9 /* Release */ = {
			isa = XCBuildConfiguration;
			buildSettings = {
				ALWAYS_SEARCH_USER_PATHS = NO;
				CLANG_ANALYZER_NONNULL = YES;
				CLANG_ANALYZER_NUMBER_OBJECT_CONVERSION = YES_AGGRESSIVE;
				CLANG_CXX_LANGUAGE_STANDARD = "gnu++17";
				CLANG_CXX_LIBRARY = "libc++";
				CLANG_ENABLE_MODULES = YES;
				CLANG_ENABLE_OBJC_ARC = YES;
				CLANG_ENABLE_OBJC_WEAK = YES;
				CLANG_WARN_BLOCK_CAPTURE_AUTORELEASING = YES;
				CLANG_WARN_BOOL_CONVERSION = YES;
				CLANG_WARN_COMMA = YES;
				CLANG_WARN_CONSTANT_CONVERSION = YES;
				CLANG_WARN_DEPRECATED_OBJC_IMPLEMENTATIONS = YES;
				CLANG_WARN_DIRECT_OBJC_ISA_USAGE = YES_ERROR;
				CLANG_WARN_DOCUMENTATION_COMMENTS = YES;
				CLANG_WARN_EMPTY_BODY = YES;
				CLANG_WARN_ENUM_CONVERSION = YES;
				CLANG_WARN_INFINITE_RECURSION = YES;
				CLANG_WARN_INT_CONVERSION = YES;
				CLANG_WARN_NON_LITERAL_NULL_CONVERSION = YES;
				CLANG_WARN_OBJC_IMPLICIT_RETAIN_SELF = YES;
				CLANG_WARN_OBJC_LITERAL_CONVERSION = YES;
				CLANG_WARN_OBJC_ROOT_CLASS = YES_ERROR;
				CLANG_WARN_QUOTED_INCLUDE_IN_FRAMEWORK_HEADER = YES;
				CLANG_WARN_RANGE_LOOP_ANALYSIS = YES;
				CLANG_WARN_STRICT_PROTOTYPES = YES;
				CLANG_WARN_SUSPICIOUS_MOVE = YES;
				CLANG_WARN_UNGUARDED_AVAILABILITY = YES_AGGRESSIVE;
				CLANG_WARN_UNREACHABLE_CODE = YES;
				CLANG_WARN__DUPLICATE_METHOD_MATCH = YES;
				COPY_PHASE_STRIP = NO;
				DEBUG_INFORMATION_FORMAT = "dwarf-with-dsym";
				ENABLE_NS_ASSERTIONS = NO;
				ENABLE_STRICT_OBJC_MSGSEND = YES;
				GCC_C_LANGUAGE_STANDARD = gnu11;
				GCC_NO_COMMON_BLOCKS = YES;
				GCC_WARN_64_TO_32_BIT_CONVERSION = YES;
				GCC_WARN_ABOUT_RETURN_TYPE = YES_ERROR;
				GCC_WARN_UNDECLARED_SELECTOR = YES;
				GCC_WARN_UNINITIALIZED_AUTOS = YES_AGGRESSIVE;
				GCC_WARN_UNUSED_FUNCTION = YES;
				GCC_WARN_UNUSED_VARIABLE = YES;
				IPHONEOS_DEPLOYMENT_TARGET = 15.2;
				MTL_ENABLE_DEBUG_INFO = NO;
				MTL_FAST_MATH = YES;
				SDKROOT = iphoneos;
				SWIFT_COMPILATION_MODE = wholemodule;
				SWIFT_OPTIMIZATION_LEVEL = "-O";
				VALIDATE_PRODUCT = YES;
			};
			name = Release;
		};
		96F9515627A0F22B0068A1B9 /* Debug */ = {
			isa = XCBuildConfiguration;
			buildSettings = {
				ASSETCATALOG_COMPILER_APPICON_NAME = AppIcon;
				ASSETCATALOG_COMPILER_GLOBAL_ACCENT_COLOR_NAME = AccentColor;
				CODE_SIGN_STYLE = Automatic;
				CURRENT_PROJECT_VERSION = 1;
				DEVELOPMENT_TEAM = 77YBXT2GBB;
				GENERATE_INFOPLIST_FILE = YES;
				INFOPLIST_FILE = youAreAwesome/Info.plist;
				INFOPLIST_KEY_UIApplicationSupportsIndirectInputEvents = YES;
				INFOPLIST_KEY_UILaunchStoryboardName = LaunchScreen;
				INFOPLIST_KEY_UIMainStoryboardFile = Main;
				INFOPLIST_KEY_UISupportedInterfaceOrientations_iPad = "UIInterfaceOrientationPortrait UIInterfaceOrientationPortraitUpsideDown UIInterfaceOrientationLandscapeLeft UIInterfaceOrientationLandscapeRight";
				INFOPLIST_KEY_UISupportedInterfaceOrientations_iPhone = "UIInterfaceOrientationPortrait UIInterfaceOrientationLandscapeLeft UIInterfaceOrientationLandscapeRight";
				LD_RUNPATH_SEARCH_PATHS = (
					"$(inherited)",
					"@executable_path/Frameworks",
				);
				MARKETING_VERSION = 1.0;
				PRODUCT_BUNDLE_IDENTIFIER = com.mcelligott.youAreAwesome;
				PRODUCT_NAME = "$(TARGET_NAME)";
				SWIFT_EMIT_LOC_STRINGS = YES;
				SWIFT_VERSION = 5.0;
				TARGETED_DEVICE_FAMILY = "1,2";
			};
			name = Debug;
		};
		96F9515727A0F22B0068A1B9 /* Release */ = {
			isa = XCBuildConfiguration;
			buildSettings = {
				ASSETCATALOG_COMPILER_APPICON_NAME = AppIcon;
				ASSETCATALOG_COMPILER_GLOBAL_ACCENT_COLOR_NAME = AccentColor;
				CODE_SIGN_STYLE = Automatic;
				CURRENT_PROJECT_VERSION = 1;
				DEVELOPMENT_TEAM = 77YBXT2GBB;
				GENERATE_INFOPLIST_FILE = YES;
				INFOPLIST_FILE = youAreAwesome/Info.plist;
				INFOPLIST_KEY_UIApplicationSupportsIndirectInputEvents = YES;
				INFOPLIST_KEY_UILaunchStoryboardName = LaunchScreen;
				INFOPLIST_KEY_UIMainStoryboardFile = Main;
				INFOPLIST_KEY_UISupportedInterfaceOrientations_iPad = "UIInterfaceOrientationPortrait UIInterfaceOrientationPortraitUpsideDown UIInterfaceOrientationLandscapeLeft UIInterfaceOrientationLandscapeRight";
				INFOPLIST_KEY_UISupportedInterfaceOrientations_iPhone = "UIInterfaceOrientationPortrait UIInterfaceOrientationLandscapeLeft UIInterfaceOrientationLandscapeRight";
				LD_RUNPATH_SEARCH_PATHS = (
					"$(inherited)",
					"@executable_path/Frameworks",
				);
				MARKETING_VERSION = 1.0;
				PRODUCT_BUNDLE_IDENTIFIER = com.mcelligott.youAreAwesome;
				PRODUCT_NAME = "$(TARGET_NAME)";
				SWIFT_EMIT_LOC_STRINGS = YES;
				SWIFT_VERSION = 5.0;
				TARGETED_DEVICE_FAMILY = "1,2";
			};
			name = Release;
		};
		96F9515927A0F22B0068A1B9 /* Debug */ = {
			isa = XCBuildConfiguration;
			buildSettings = {
				ALWAYS_EMBED_SWIFT_STANDARD_LIBRARIES = YES;
				BUNDLE_LOADER = "$(TEST_HOST)";
				CODE_SIGN_STYLE = Automatic;
				CURRENT_PROJECT_VERSION = 1;
				DEVELOPMENT_TEAM = 77YBXT2GBB;
				GENERATE_INFOPLIST_FILE = YES;
				IPHONEOS_DEPLOYMENT_TARGET = 15.2;
				MARKETING_VERSION = 1.0;
				PRODUCT_BUNDLE_IDENTIFIER = com.mcelligott.youAreAwesomeTests;
				PRODUCT_NAME = "$(TARGET_NAME)";
				SWIFT_EMIT_LOC_STRINGS = NO;
				SWIFT_VERSION = 5.0;
				TARGETED_DEVICE_FAMILY = "1,2";
				TEST_HOST = "$(BUILT_PRODUCTS_DIR)/youAreAwesome.app/youAreAwesome";
			};
			name = Debug;
		};
		96F9515A27A0F22B0068A1B9 /* Release */ = {
			isa = XCBuildConfiguration;
			buildSettings = {
				ALWAYS_EMBED_SWIFT_STANDARD_LIBRARIES = YES;
				BUNDLE_LOADER = "$(TEST_HOST)";
				CODE_SIGN_STYLE = Automatic;
				CURRENT_PROJECT_VERSION = 1;
				DEVELOPMENT_TEAM = 77YBXT2GBB;
				GENERATE_INFOPLIST_FILE = YES;
				IPHONEOS_DEPLOYMENT_TARGET = 15.2;
				MARKETING_VERSION = 1.0;
				PRODUCT_BUNDLE_IDENTIFIER = com.mcelligott.youAreAwesomeTests;
				PRODUCT_NAME = "$(TARGET_NAME)";
				SWIFT_EMIT_LOC_STRINGS = NO;
				SWIFT_VERSION = 5.0;
				TARGETED_DEVICE_FAMILY = "1,2";
				TEST_HOST = "$(BUILT_PRODUCTS_DIR)/youAreAwesome.app/youAreAwesome";
			};
			name = Release;
		};
		96F9515C27A0F22B0068A1B9 /* Debug */ = {
			isa = XCBuildConfiguration;
			buildSettings = {
				ALWAYS_EMBED_SWIFT_STANDARD_LIBRARIES = YES;
				CODE_SIGN_STYLE = Automatic;
				CURRENT_PROJECT_VERSION = 1;
				DEVELOPMENT_TEAM = 77YBXT2GBB;
				GENERATE_INFOPLIST_FILE = YES;
				MARKETING_VERSION = 1.0;
				PRODUCT_BUNDLE_IDENTIFIER = com.mcelligott.youAreAwesomeUITests;
				PRODUCT_NAME = "$(TARGET_NAME)";
				SWIFT_EMIT_LOC_STRINGS = NO;
				SWIFT_VERSION = 5.0;
				TARGETED_DEVICE_FAMILY = "1,2";
				TEST_TARGET_NAME = youAreAwesome;
			};
			name = Debug;
		};
		96F9515D27A0F22B0068A1B9 /* Release */ = {
			isa = XCBuildConfiguration;
			buildSettings = {
				ALWAYS_EMBED_SWIFT_STANDARD_LIBRARIES = YES;
				CODE_SIGN_STYLE = Automatic;
				CURRENT_PROJECT_VERSION = 1;
				DEVELOPMENT_TEAM = 77YBXT2GBB;
				GENERATE_INFOPLIST_FILE = YES;
				MARKETING_VERSION = 1.0;
				PRODUCT_BUNDLE_IDENTIFIER = com.mcelligott.youAreAwesomeUITests;
				PRODUCT_NAME = "$(TARGET_NAME)";
				SWIFT_EMIT_LOC_STRINGS = NO;
				SWIFT_VERSION = 5.0;
				TARGETED_DEVICE_FAMILY = "1,2";
				TEST_TARGET_NAME = youAreAwesome;
			};
			name = Release;
		};
/* End XCBuildConfiguration section */

/* Begin XCConfigurationList section */
		96F9512627A0F2280068A1B9 /* Build configuration list for PBXProject "youAreAwesome" */ = {
			isa = XCConfigurationList;
			buildConfigurations = (
				96F9515327A0F22B0068A1B9 /* Debug */,
				96F9515427A0F22B0068A1B9 /* Release */,
			);
			defaultConfigurationIsVisible = 0;
			defaultConfigurationName = Release;
		};
		96F9515527A0F22B0068A1B9 /* Build configuration list for PBXNativeTarget "youAreAwesome" */ = {
			isa = XCConfigurationList;
			buildConfigurations = (
				96F9515627A0F22B0068A1B9 /* Debug */,
				96F9515727A0F22B0068A1B9 /* Release */,
			);
			defaultConfigurationIsVisible = 0;
			defaultConfigurationName = Release;
		};
		96F9515827A0F22B0068A1B9 /* Build configuration list for PBXNativeTarget "youAreAwesomeTests" */ = {
			isa = XCConfigurationList;
			buildConfigurations = (
				96F9515927A0F22B0068A1B9 /* Debug */,
				96F9515A27A0F22B0068A1B9 /* Release */,
			);
			defaultConfigurationIsVisible = 0;
			defaultConfigurationName = Release;
		};
		96F9515B27A0F22B0068A1B9 /* Build configuration list for PBXNativeTarget "youAreAwesomeUITests" */ = {
			isa = XCConfigurationList;
			buildConfigurations = (
				96F9515C27A0F22B0068A1B9 /* Debug */,
				96F9515D27A0F22B0068A1B9 /* Release */,
			);
			defaultConfigurationIsVisible = 0;
			defaultConfigurationName = Release;
		};
/* End XCConfigurationList section */
	};
	rootObject = 96F9512327A0F2280068A1B9 /* Project object */;
}
